
Microsoft Visual Studio Solution File, Format Version 12.00
# Visual Studio Version 16
VisualStudioVersion = 16.0.29123.89
MinimumVisualStudioVersion = 10.0.40219.1
Project("{FAE04EC0-301F-11D3-BF4B-00C04F79EFBC}") = "NetCore", "NetCore\NetCore.csproj", "{5F639DD6-6F5C-4A53-8063-3459B0F5117D}"
EndProject
Project("{FAE04EC0-301F-11D3-BF4B-00C04F79EFBC}") = "NetCore.Data", "NetCore.Data\NetCore.Data.csproj", "{AD7989C4-718F-481F-8E64-8C69BC6F1CDE}"
EndProject
Project("{2150E333-8FDC-42A3-9474-1A3956D46DE8}") = "Solution Items", "Solution Items", "{61586088-3775-4BC6-8EB7-F7B24E5CA313}"
	ProjectSection(SolutionItems) = preProject
		Readme.md = Readme.md
	EndProjectSection
EndProject
Project("{FAE04EC0-301F-11D3-BF4B-00C04F79EFBC}") = "NetCore.Domain", "NetCore.Domain\NetCore.Domain.csproj", "{C772FF75-1CE2-41CF-B6AA-58CC9F10CBBD}"
EndProject
Global
	GlobalSection(SolutionConfigurationPlatforms) = preSolution
		Debug|Any CPU = Debug|Any CPU
		Release|Any CPU = Release|Any CPU
	EndGlobalSection
	GlobalSection(ProjectConfigurationPlatforms) = postSolution
		{5F639DD6-6F5C-4A53-8063-3459B0F5117D}.Debug|Any CPU.ActiveCfg = Debug|Any CPU
		{5F639DD6-6F5C-4A53-8063-3459B0F5117D}.Debug|Any CPU.Build.0 = Debug|Any CPU
		{5F639DD6-6F5C-4A53-8063-3459B0F5117D}.Release|Any CPU.ActiveCfg = Release|Any CPU
		{5F639DD6-6F5C-4A53-8063-3459B0F5117D}.Release|Any CPU.Build.0 = Release|Any CPU
		{AD7989C4-718F-481F-8E64-8C69BC6F1CDE}.Debug|Any CPU.ActiveCfg = Debug|Any CPU
		{AD7989C4-718F-481F-8E64-8C69BC6F1CDE}.Debug|Any CPU.Build.0 = Debug|Any CPU
		{AD7989C4-718F-481F-8E64-8C69BC6F1CDE}.Release|Any CPU.ActiveCfg = Release|Any CPU
		{AD7989C4-718F-481F-8E64-8C69BC6F1CDE}.Release|Any CPU.Build.0 = Release|Any CPU
		{C772FF75-1CE2-41CF-B6AA-58CC9F10CBBD}.Debug|Any CPU.ActiveCfg = Debug|Any CPU
		{C772FF75-1CE2-41CF-B6AA-58CC9F10CBBD}.Debug|Any CPU.Build.0 = Debug|Any CPU
		{C772FF75-1CE2-41CF-B6AA-58CC9F10CBBD}.Release|Any CPU.ActiveCfg = Release|Any CPU
		{C772FF75-1CE2-41CF-B6AA-58CC9F10CBBD}.Release|Any CPU.Build.0 = Release|Any CPU
	EndGlobalSection
	GlobalSection(SolutionProperties) = preSolution
		HideSolutionNode = FALSE
	EndGlobalSection
	GlobalSection(ExtensibilityGlobals) = postSolution
		SolutionGuid = {D69CC1D5-5277-4FE9-9D5D-6264933E5FA5}
	EndGlobalSection
EndGlobal
